
Microsoft Visual Studio Solution File, Format Version 12.00
# Visual Studio Version 16
VisualStudioVersion = 16.0.29806.167
MinimumVisualStudioVersion = 10.0.40219.1
Project("{FAE04EC0-301F-11D3-BF4B-00C04F79EFBC}") = "Lab1", "Lab1\Lab1.csproj", "{1DD69418-B145-4D6D-AFED-9914127EE57C}"
EndProject
Global
	GlobalSection(SolutionConfigurationPlatforms) = preSolution
		Debug|Any CPU = Debug|Any CPU
		Release|Any CPU = Release|Any CPU
	EndGlobalSection
	GlobalSection(ProjectConfigurationPlatforms) = postSolution
		{1DD69418-B145-4D6D-AFED-9914127EE57C}.Debug|Any CPU.ActiveCfg = Debug|Any CPU
		{1DD69418-B145-4D6D-AFED-9914127EE57C}.Debug|Any CPU.Build.0 = Debug|Any CPU
		{1DD69418-B145-4D6D-AFED-9914127EE57C}.Release|Any CPU.ActiveCfg = Release|Any CPU
		{1DD69418-B145-4D6D-AFED-9914127EE57C}.Release|Any CPU.Build.0 = Release|Any CPU
	EndGlobalSection
	GlobalSection(SolutionProperties) = preSolution
		HideSolutionNode = FALSE
	EndGlobalSection
	GlobalSection(ExtensibilityGlobals) = postSolution
		SolutionGuid = {C17BD662-8161-4532-BE5F-CDC43FEC00BD}
	EndGlobalSection
EndGlobal
